
Microsoft Visual Studio Solution File, Format Version 12.00
# Visual Studio 15
VisualStudioVersion = 15.0.27703.2035
MinimumVisualStudioVersion = 10.0.40219.1
Project("{FAE04EC0-301F-11D3-BF4B-00C04F79EFBC}") = "Parliament.ProcedureEditor.Web", "Parliament.ProcedureEditor.Web\Parliament.ProcedureEditor.Web.csproj", "{988A6E1A-4869-4986-9BB5-2231400421EE}"
EndProject
Global
	GlobalSection(SolutionConfigurationPlatforms) = preSolution
		Debug|Any CPU = Debug|Any CPU
		Release|Any CPU = Release|Any CPU
	EndGlobalSection
	GlobalSection(ProjectConfigurationPlatforms) = postSolution
		{988A6E1A-4869-4986-9BB5-2231400421EE}.Debug|Any CPU.ActiveCfg = Debug|Any CPU
		{988A6E1A-4869-4986-9BB5-2231400421EE}.Debug|Any CPU.Build.0 = Debug|Any CPU
		{988A6E1A-4869-4986-9BB5-2231400421EE}.Release|Any CPU.ActiveCfg = Release|Any CPU
		{988A6E1A-4869-4986-9BB5-2231400421EE}.Release|Any CPU.Build.0 = Release|Any CPU
	EndGlobalSection
	GlobalSection(SolutionProperties) = preSolution
		HideSolutionNode = FALSE
	EndGlobalSection
	GlobalSection(ExtensibilityGlobals) = postSolution
		SolutionGuid = {7FCF0ACC-D853-49AD-A636-DAA0F7A49610}
	EndGlobalSection
EndGlobal
